
Microsoft Visual Studio Solution File, Format Version 12.00
# Visual Studio Version 17
VisualStudioVersion = 17.5.33424.131
MinimumVisualStudioVersion = 10.0.40219.1
Project("{FAE04EC0-301F-11D3-BF4B-00C04F79EFBC}") = "Web", "DocumentKeeper\Web.csproj", "{24487E73-9A38-4D3A-AE9F-FE2B45CFA3FB}"
EndProject
Project("{FAE04EC0-301F-11D3-BF4B-00C04F79EFBC}") = "Infrastucture", "Infrastucture\Infrastucture.csproj", "{9638E0C4-AF18-4A9D-A098-98F921ED9DCF}"
EndProject
Project("{FAE04EC0-301F-11D3-BF4B-00C04F79EFBC}") = "ApplicationCore", "ApplicationCore\ApplicationCore.csproj", "{BACF513D-67E6-4A7A-9C6E-F832CC3643E1}"
EndProject
Project("{FAE04EC0-301F-11D3-BF4B-00C04F79EFBC}") = "WebApi", "WebApi\WebApi.csproj", "{6D574905-0E81-4E1E-9606-E5BA63AADE74}"
EndProject
Global
	GlobalSection(SolutionConfigurationPlatforms) = preSolution
		Debug|Any CPU = Debug|Any CPU
		Release|Any CPU = Release|Any CPU
	EndGlobalSection
	GlobalSection(ProjectConfigurationPlatforms) = postSolution
		{24487E73-9A38-4D3A-AE9F-FE2B45CFA3FB}.Debug|Any CPU.ActiveCfg = Debug|Any CPU
		{24487E73-9A38-4D3A-AE9F-FE2B45CFA3FB}.Debug|Any CPU.Build.0 = Debug|Any CPU
		{24487E73-9A38-4D3A-AE9F-FE2B45CFA3FB}.Release|Any CPU.ActiveCfg = Release|Any CPU
		{24487E73-9A38-4D3A-AE9F-FE2B45CFA3FB}.Release|Any CPU.Build.0 = Release|Any CPU
		{9638E0C4-AF18-4A9D-A098-98F921ED9DCF}.Debug|Any CPU.ActiveCfg = Debug|Any CPU
		{9638E0C4-AF18-4A9D-A098-98F921ED9DCF}.Debug|Any CPU.Build.0 = Debug|Any CPU
		{9638E0C4-AF18-4A9D-A098-98F921ED9DCF}.Release|Any CPU.ActiveCfg = Release|Any CPU
		{9638E0C4-AF18-4A9D-A098-98F921ED9DCF}.Release|Any CPU.Build.0 = Release|Any CPU
		{BACF513D-67E6-4A7A-9C6E-F832CC3643E1}.Debug|Any CPU.ActiveCfg = Debug|Any CPU
		{BACF513D-67E6-4A7A-9C6E-F832CC3643E1}.Debug|Any CPU.Build.0 = Debug|Any CPU
		{BACF513D-67E6-4A7A-9C6E-F832CC3643E1}.Release|Any CPU.ActiveCfg = Release|Any CPU
		{BACF513D-67E6-4A7A-9C6E-F832CC3643E1}.Release|Any CPU.Build.0 = Release|Any CPU
		{6D574905-0E81-4E1E-9606-E5BA63AADE74}.Debug|Any CPU.ActiveCfg = Debug|Any CPU
		{6D574905-0E81-4E1E-9606-E5BA63AADE74}.Debug|Any CPU.Build.0 = Debug|Any CPU
		{6D574905-0E81-4E1E-9606-E5BA63AADE74}.Release|Any CPU.ActiveCfg = Release|Any CPU
		{6D574905-0E81-4E1E-9606-E5BA63AADE74}.Release|Any CPU.Build.0 = Release|Any CPU
	EndGlobalSection
	GlobalSection(SolutionProperties) = preSolution
		HideSolutionNode = FALSE
	EndGlobalSection
	GlobalSection(ExtensibilityGlobals) = postSolution
		SolutionGuid = {6E7BBECF-C5C4-42D3-AC70-834EED9E5239}
	EndGlobalSection
EndGlobal
